// !$*UTF8*$!
{
	archiveVersion = 1;
	classes = {
	};
	objectVersion = 51;
	objects = {

/* Begin PBXBuildFile section */
		3ED8742F2316944D009794A8 /* AppDelegate.swift in Sources */ = {isa = PBXBuildFile; fileRef = 3ED8742E2316944D009794A8 /* AppDelegate.swift */; };
		3ED874362316944E009794A8 /* Assets.xcassets in Resources */ = {isa = PBXBuildFile; fileRef = 3ED874352316944E009794A8 /* Assets.xcassets */; };
		3ED874392316944E009794A8 /* LaunchScreen.storyboard in Resources */ = {isa = PBXBuildFile; fileRef = 3ED874372316944E009794A8 /* LaunchScreen.storyboard */; };
		3ED87445231694AB009794A8 /* Typealiases.swift in Sources */ = {isa = PBXBuildFile; fileRef = 3ED87444231694AB009794A8 /* Typealiases.swift */; };
		3ED8744B2316951A009794A8 /* AppCoordinator.swift in Sources */ = {isa = PBXBuildFile; fileRef = 3ED8744A2316951A009794A8 /* AppCoordinator.swift */; };
		3ED8744D23169531009794A8 /* AppRouter.swift in Sources */ = {isa = PBXBuildFile; fileRef = 3ED8744C23169531009794A8 /* AppRouter.swift */; };
		3ED87450231695DA009794A8 /* Routing.swift in Sources */ = {isa = PBXBuildFile; fileRef = 3ED8744F231695DA009794A8 /* Routing.swift */; };
		3ED87456231697D9009794A8 /* BaseRequest.swift in Sources */ = {isa = PBXBuildFile; fileRef = 3ED87452231697D9009794A8 /* BaseRequest.swift */; };
		3ED87457231697D9009794A8 /* NetworkError.swift in Sources */ = {isa = PBXBuildFile; fileRef = 3ED87453231697D9009794A8 /* NetworkError.swift */; };
		3ED87458231697D9009794A8 /* HTTPMethod.swift in Sources */ = {isa = PBXBuildFile; fileRef = 3ED87454231697D9009794A8 /* HTTPMethod.swift */; };
		3ED87459231697D9009794A8 /* NetworkManager.swift in Sources */ = {isa = PBXBuildFile; fileRef = 3ED87455231697D9009794A8 /* NetworkManager.swift */; };
		3ED8745D23169958009794A8 /* Localizable.strings in Resources */ = {isa = PBXBuildFile; fileRef = 3ED8745F23169958009794A8 /* Localizable.strings */; };
		3ED8746223169AAB009794A8 /* String+Extensions.swift in Sources */ = {isa = PBXBuildFile; fileRef = 3ED8746123169AAB009794A8 /* String+Extensions.swift */; };
		3ED8746623169CCF009794A8 /* PostsRequest.swift in Sources */ = {isa = PBXBuildFile; fileRef = 3ED8746523169CCF009794A8 /* PostsRequest.swift */; };
		3ED8747D2316B144009794A8 /* NibLoadable.swift in Sources */ = {isa = PBXBuildFile; fileRef = 3ED8747C2316B144009794A8 /* NibLoadable.swift */; };
		3ED874812316B4B2009794A8 /* AlertShowable.swift in Sources */ = {isa = PBXBuildFile; fileRef = 3ED874802316B4B2009794A8 /* AlertShowable.swift */; };
		3ED874832316B566009794A8 /* MainFlowCoordinator.swift in Sources */ = {isa = PBXBuildFile; fileRef = 3ED874822316B566009794A8 /* MainFlowCoordinator.swift */; };
		3ED874852316B57D009794A8 /* MainRouter.swift in Sources */ = {isa = PBXBuildFile; fileRef = 3ED874842316B57D009794A8 /* MainRouter.swift */; };
		3ED8749A2319089D009794A8 /* R.generated.swift in Sources */ = {isa = PBXBuildFile; fileRef = 3ED874992319089D009794A8 /* R.generated.swift */; };
		3ED8752B231943CD009794A8 /* PostsListPresenter.swift in Sources */ = {isa = PBXBuildFile; fileRef = 3ED87526231943CD009794A8 /* PostsListPresenter.swift */; };
		3ED8752C231943CD009794A8 /* PostsListViewController.swift in Sources */ = {isa = PBXBuildFile; fileRef = 3ED87527231943CD009794A8 /* PostsListViewController.swift */; };
		3ED8752D231943CD009794A8 /* PostsListProtocols.swift in Sources */ = {isa = PBXBuildFile; fileRef = 3ED87528231943CD009794A8 /* PostsListProtocols.swift */; };
		3ED8752E231943CD009794A8 /* PostsListInteractor.swift in Sources */ = {isa = PBXBuildFile; fileRef = 3ED87529231943CD009794A8 /* PostsListInteractor.swift */; };
		3ED8752F231943CD009794A8 /* PostsListWireframe.swift in Sources */ = {isa = PBXBuildFile; fileRef = 3ED8752A231943CD009794A8 /* PostsListWireframe.swift */; };
		3ED8753223194457009794A8 /* PostsResponseModel.swift in Sources */ = {isa = PBXBuildFile; fileRef = 3ED8753123194457009794A8 /* PostsResponseModel.swift */; };
		3ED8753723194AF9009794A8 /* PostTableViewCell.swift in Sources */ = {isa = PBXBuildFile; fileRef = 3ED8753523194AF9009794A8 /* PostTableViewCell.swift */; };
		3ED8753823194AF9009794A8 /* PostTableViewCell.xib in Resources */ = {isa = PBXBuildFile; fileRef = 3ED8753623194AF9009794A8 /* PostTableViewCell.xib */; };
		3ED8753A23194C17009794A8 /* PostsList.storyboard in Resources */ = {isa = PBXBuildFile; fileRef = 3ED8753923194C17009794A8 /* PostsList.storyboard */; };
		551CBB6FA66BA984071E1633 /* Pods_engineer_ai_assignment.framework in Frameworks */ = {isa = PBXBuildFile; fileRef = 30F5B25176AB3E14F2050091 /* Pods_engineer_ai_assignment.framework */; };
/* End PBXBuildFile section */

/* Begin PBXFileReference section */
		30F5B25176AB3E14F2050091 /* Pods_engineer_ai_assignment.framework */ = {isa = PBXFileReference; explicitFileType = wrapper.framework; includeInIndex = 0; path = Pods_engineer_ai_assignment.framework; sourceTree = BUILT_PRODUCTS_DIR; };
		3ED8742B2316944D009794A8 /* engineer.ai.assignment.app */ = {isa = PBXFileReference; explicitFileType = wrapper.application; includeInIndex = 0; path = engineer.ai.assignment.app; sourceTree = BUILT_PRODUCTS_DIR; };
		3ED8742E2316944D009794A8 /* AppDelegate.swift */ = {isa = PBXFileReference; lastKnownFileType = sourcecode.swift; path = AppDelegate.swift; sourceTree = "<group>"; };
		3ED874352316944E009794A8 /* Assets.xcassets */ = {isa = PBXFileReference; lastKnownFileType = folder.assetcatalog; path = Assets.xcassets; sourceTree = "<group>"; };
		3ED874382316944E009794A8 /* Base */ = {isa = PBXFileReference; lastKnownFileType = file.storyboard; name = Base; path = Base.lproj/LaunchScreen.storyboard; sourceTree = "<group>"; };
		3ED8743A2316944E009794A8 /* Info.plist */ = {isa = PBXFileReference; lastKnownFileType = text.plist.xml; path = Info.plist; sourceTree = "<group>"; };
		3ED87444231694AB009794A8 /* Typealiases.swift */ = {isa = PBXFileReference; lastKnownFileType = sourcecode.swift; path = Typealiases.swift; sourceTree = "<group>"; };
		3ED8744A2316951A009794A8 /* AppCoordinator.swift */ = {isa = PBXFileReference; lastKnownFileType = sourcecode.swift; path = AppCoordinator.swift; sourceTree = "<group>"; };
		3ED8744C23169531009794A8 /* AppRouter.swift */ = {isa = PBXFileReference; lastKnownFileType = sourcecode.swift; path = AppRouter.swift; sourceTree = "<group>"; };
		3ED8744F231695DA009794A8 /* Routing.swift */ = {isa = PBXFileReference; lastKnownFileType = sourcecode.swift; path = Routing.swift; sourceTree = "<group>"; };
		3ED87452231697D9009794A8 /* BaseRequest.swift */ = {isa = PBXFileReference; fileEncoding = 4; lastKnownFileType = sourcecode.swift; path = BaseRequest.swift; sourceTree = "<group>"; };
		3ED87453231697D9009794A8 /* NetworkError.swift */ = {isa = PBXFileReference; fileEncoding = 4; lastKnownFileType = sourcecode.swift; path = NetworkError.swift; sourceTree = "<group>"; };
		3ED87454231697D9009794A8 /* HTTPMethod.swift */ = {isa = PBXFileReference; fileEncoding = 4; lastKnownFileType = sourcecode.swift; path = HTTPMethod.swift; sourceTree = "<group>"; };
		3ED87455231697D9009794A8 /* NetworkManager.swift */ = {isa = PBXFileReference; fileEncoding = 4; lastKnownFileType = sourcecode.swift; path = NetworkManager.swift; sourceTree = "<group>"; };
		3ED8745E23169958009794A8 /* en */ = {isa = PBXFileReference; lastKnownFileType = text.plist.strings; name = en; path = en.lproj/Localizable.strings; sourceTree = "<group>"; };
		3ED8746123169AAB009794A8 /* String+Extensions.swift */ = {isa = PBXFileReference; lastKnownFileType = sourcecode.swift; path = "String+Extensions.swift"; sourceTree = "<group>"; };
		3ED8746523169CCF009794A8 /* PostsRequest.swift */ = {isa = PBXFileReference; lastKnownFileType = sourcecode.swift; path = PostsRequest.swift; sourceTree = "<group>"; };
		3ED8747C2316B144009794A8 /* NibLoadable.swift */ = {isa = PBXFileReference; lastKnownFileType = sourcecode.swift; path = NibLoadable.swift; sourceTree = "<group>"; };
		3ED874802316B4B2009794A8 /* AlertShowable.swift */ = {isa = PBXFileReference; lastKnownFileType = sourcecode.swift; path = AlertShowable.swift; sourceTree = "<group>"; };
		3ED874822316B566009794A8 /* MainFlowCoordinator.swift */ = {isa = PBXFileReference; lastKnownFileType = sourcecode.swift; path = MainFlowCoordinator.swift; sourceTree = "<group>"; };
		3ED874842316B57D009794A8 /* MainRouter.swift */ = {isa = PBXFileReference; lastKnownFileType = sourcecode.swift; path = MainRouter.swift; sourceTree = "<group>"; };
		3ED874992319089D009794A8 /* R.generated.swift */ = {isa = PBXFileReference; fileEncoding = 4; lastKnownFileType = sourcecode.swift; path = R.generated.swift; sourceTree = SOURCE_ROOT; };
		3ED87526231943CD009794A8 /* PostsListPresenter.swift */ = {isa = PBXFileReference; lastKnownFileType = sourcecode.swift; path = PostsListPresenter.swift; sourceTree = "<group>"; };
		3ED87527231943CD009794A8 /* PostsListViewController.swift */ = {isa = PBXFileReference; lastKnownFileType = sourcecode.swift; path = PostsListViewController.swift; sourceTree = "<group>"; };
		3ED87528231943CD009794A8 /* PostsListProtocols.swift */ = {isa = PBXFileReference; lastKnownFileType = sourcecode.swift; path = PostsListProtocols.swift; sourceTree = "<group>"; };
		3ED87529231943CD009794A8 /* PostsListInteractor.swift */ = {isa = PBXFileReference; lastKnownFileType = sourcecode.swift; path = PostsListInteractor.swift; sourceTree = "<group>"; };
		3ED8752A231943CD009794A8 /* PostsListWireframe.swift */ = {isa = PBXFileReference; lastKnownFileType = sourcecode.swift; path = PostsListWireframe.swift; sourceTree = "<group>"; };
		3ED8753123194457009794A8 /* PostsResponseModel.swift */ = {isa = PBXFileReference; lastKnownFileType = sourcecode.swift; path = PostsResponseModel.swift; sourceTree = "<group>"; };
		3ED8753523194AF9009794A8 /* PostTableViewCell.swift */ = {isa = PBXFileReference; lastKnownFileType = sourcecode.swift; path = PostTableViewCell.swift; sourceTree = "<group>"; };
		3ED8753623194AF9009794A8 /* PostTableViewCell.xib */ = {isa = PBXFileReference; lastKnownFileType = file.xib; path = PostTableViewCell.xib; sourceTree = "<group>"; };
		3ED8753923194C17009794A8 /* PostsList.storyboard */ = {isa = PBXFileReference; lastKnownFileType = file.storyboard; path = PostsList.storyboard; sourceTree = "<group>"; };
		AEE7312BEE464C83188E2ED5 /* Pods-engineer.ai.assignment.release.xcconfig */ = {isa = PBXFileReference; includeInIndex = 1; lastKnownFileType = text.xcconfig; name = "Pods-engineer.ai.assignment.release.xcconfig"; path = "Target Support Files/Pods-engineer.ai.assignment/Pods-engineer.ai.assignment.release.xcconfig"; sourceTree = "<group>"; };
		CE266E5702D53A598F3BFFD4 /* Pods-engineer.ai.assignment.debug.xcconfig */ = {isa = PBXFileReference; includeInIndex = 1; lastKnownFileType = text.xcconfig; name = "Pods-engineer.ai.assignment.debug.xcconfig"; path = "Target Support Files/Pods-engineer.ai.assignment/Pods-engineer.ai.assignment.debug.xcconfig"; sourceTree = "<group>"; };
/* End PBXFileReference section */

/* Begin PBXFrameworksBuildPhase section */
		3ED874282316944D009794A8 /* Frameworks */ = {
			isa = PBXFrameworksBuildPhase;
			buildActionMask = 2147483647;
			files = (
				551CBB6FA66BA984071E1633 /* Pods_engineer_ai_assignment.framework in Frameworks */,
			);
			runOnlyForDeploymentPostprocessing = 0;
		};
/* End PBXFrameworksBuildPhase section */

/* Begin PBXGroup section */
		3ED874222316944D009794A8 = {
			isa = PBXGroup;
			children = (
				3ED8742D2316944D009794A8 /* engineer.ai.assignment */,
				3ED8742C2316944D009794A8 /* Products */,
				526CB8DDC8EC7C9A3351DC0B /* Pods */,
				EDF341AC93F504F75073D7AA /* Frameworks */,
			);
			sourceTree = "<group>";
		};
		3ED8742C2316944D009794A8 /* Products */ = {
			isa = PBXGroup;
			children = (
				3ED8742B2316944D009794A8 /* engineer.ai.assignment.app */,
			);
			name = Products;
			sourceTree = "<group>";
		};
		3ED8742D2316944D009794A8 /* engineer.ai.assignment */ = {
			isa = PBXGroup;
			children = (
				3ED874992319089D009794A8 /* R.generated.swift */,
				3ED87449231694F2009794A8 /* Modules */,
				3ED87446231694BF009794A8 /* Managers */,
				3ED8744223169489009794A8 /* Common */,
				3ED874412316947E009794A8 /* Application */,
				3ED8744023169460009794A8 /* SupportingFiles */,
			);
			path = engineer.ai.assignment;
			sourceTree = "<group>";
		};
		3ED8744023169460009794A8 /* SupportingFiles */ = {
			isa = PBXGroup;
			children = (
				3ED8745A2316993F009794A8 /* Localization */,
				3ED874352316944E009794A8 /* Assets.xcassets */,
				3ED874372316944E009794A8 /* LaunchScreen.storyboard */,
				3ED8743A2316944E009794A8 /* Info.plist */,
			);
			path = SupportingFiles;
			sourceTree = "<group>";
		};
		3ED874412316947E009794A8 /* Application */ = {
			isa = PBXGroup;
			children = (
				3ED8742E2316944D009794A8 /* AppDelegate.swift */,
				3ED8744A2316951A009794A8 /* AppCoordinator.swift */,
				3ED8744C23169531009794A8 /* AppRouter.swift */,
			);
			path = Application;
			sourceTree = "<group>";
		};
		3ED8744223169489009794A8 /* Common */ = {
			isa = PBXGroup;
			children = (
				3ED8746023169A96009794A8 /* Extensions */,
				3ED8744E231695C7009794A8 /* Protocols */,
				3ED87444231694AB009794A8 /* Typealiases.swift */,
			);
			path = Common;
			sourceTree = "<group>";
		};
		3ED87446231694BF009794A8 /* Managers */ = {
			isa = PBXGroup;
			children = (
				3ED8745123169786009794A8 /* NetworkManager */,
			);
			path = Managers;
			sourceTree = "<group>";
		};
		3ED87449231694F2009794A8 /* Modules */ = {
			isa = PBXGroup;
			children = (
				3ED8746323169CA6009794A8 /* MainFlow */,
			);
			path = Modules;
			sourceTree = "<group>";
		};
		3ED8744E231695C7009794A8 /* Protocols */ = {
			isa = PBXGroup;
			children = (
				3ED8744F231695DA009794A8 /* Routing.swift */,
			);
			path = Protocols;
			sourceTree = "<group>";
		};
		3ED8745123169786009794A8 /* NetworkManager */ = {
			isa = PBXGroup;
			children = (
				3ED8746823169DB4009794A8 /* ResponseModels */,
				3ED8746423169CBE009794A8 /* Requests */,
				3ED87452231697D9009794A8 /* BaseRequest.swift */,
				3ED87454231697D9009794A8 /* HTTPMethod.swift */,
				3ED87453231697D9009794A8 /* NetworkError.swift */,
				3ED87455231697D9009794A8 /* NetworkManager.swift */,
			);
			path = NetworkManager;
			sourceTree = "<group>";
		};
		3ED8745A2316993F009794A8 /* Localization */ = {
			isa = PBXGroup;
			children = (
				3ED8745F23169958009794A8 /* Localizable.strings */,
			);
			path = Localization;
			sourceTree = "<group>";
		};
		3ED8746023169A96009794A8 /* Extensions */ = {
			isa = PBXGroup;
			children = (
				3ED8746123169AAB009794A8 /* String+Extensions.swift */,
				3ED8747C2316B144009794A8 /* NibLoadable.swift */,
				3ED874802316B4B2009794A8 /* AlertShowable.swift */,
			);
			path = Extensions;
			sourceTree = "<group>";
		};
		3ED8746323169CA6009794A8 /* MainFlow */ = {
			isa = PBXGroup;
			children = (
				3ED875252319439D009794A8 /* PostsList */,
				3ED874822316B566009794A8 /* MainFlowCoordinator.swift */,
				3ED874842316B57D009794A8 /* MainRouter.swift */,
			);
			path = MainFlow;
			sourceTree = "<group>";
		};
		3ED8746423169CBE009794A8 /* Requests */ = {
			isa = PBXGroup;
			children = (
				3ED8746523169CCF009794A8 /* PostsRequest.swift */,
			);
			path = Requests;
			sourceTree = "<group>";
		};
		3ED8746823169DB4009794A8 /* ResponseModels */ = {
			isa = PBXGroup;
			children = (
				3ED875302319443A009794A8 /* Posts */,
			);
			path = ResponseModels;
			sourceTree = "<group>";
		};
		3ED875252319439D009794A8 /* PostsList */ = {
			isa = PBXGroup;
			children = (
				3ED8753323194ACC009794A8 /* Views */,
				3ED87526231943CD009794A8 /* PostsListPresenter.swift */,
				3ED87527231943CD009794A8 /* PostsListViewController.swift */,
				3ED87528231943CD009794A8 /* PostsListProtocols.swift */,
				3ED87529231943CD009794A8 /* PostsListInteractor.swift */,
				3ED8752A231943CD009794A8 /* PostsListWireframe.swift */,
				3ED8753923194C17009794A8 /* PostsList.storyboard */,
			);
			path = PostsList;
			sourceTree = "<group>";
		};
		3ED875302319443A009794A8 /* Posts */ = {
			isa = PBXGroup;
			children = (
				3ED8753123194457009794A8 /* PostsResponseModel.swift */,
			);
			path = Posts;
			sourceTree = "<group>";
		};
		3ED8753323194ACC009794A8 /* Views */ = {
			isa = PBXGroup;
			children = (
				3ED8753423194ADB009794A8 /* TableViewCells */,
			);
			path = Views;
			sourceTree = "<group>";
		};
		3ED8753423194ADB009794A8 /* TableViewCells */ = {
			isa = PBXGroup;
			children = (
				3ED8753523194AF9009794A8 /* PostTableViewCell.swift */,
				3ED8753623194AF9009794A8 /* PostTableViewCell.xib */,
			);
			path = TableViewCells;
			sourceTree = "<group>";
		};
		526CB8DDC8EC7C9A3351DC0B /* Pods */ = {
			isa = PBXGroup;
			children = (
				CE266E5702D53A598F3BFFD4 /* Pods-engineer.ai.assignment.debug.xcconfig */,
				AEE7312BEE464C83188E2ED5 /* Pods-engineer.ai.assignment.release.xcconfig */,
			);
			path = Pods;
			sourceTree = "<group>";
		};
		EDF341AC93F504F75073D7AA /* Frameworks */ = {
			isa = PBXGroup;
			children = (
				30F5B25176AB3E14F2050091 /* Pods_engineer_ai_assignment.framework */,
			);
			name = Frameworks;
			sourceTree = "<group>";
		};
/* End PBXGroup section */

/* Begin PBXNativeTarget section */
		3ED8742A2316944D009794A8 /* engineer.ai.assignment */ = {
			isa = PBXNativeTarget;
			buildConfigurationList = 3ED8743D2316944E009794A8 /* Build configuration list for PBXNativeTarget "engineer.ai.assignment" */;
			buildPhases = (
				409CAC2C78D3E8C4EA0B8F46 /* [CP] Check Pods Manifest.lock */,
				3ED87496231907D6009794A8 /* R.swift script */,
				3ED874272316944D009794A8 /* Sources */,
				3ED874282316944D009794A8 /* Frameworks */,
				3ED874292316944D009794A8 /* Resources */,
				FA56740737E1FFFF4260FEBD /* [CP] Embed Pods Frameworks */,
			);
			buildRules = (
			);
			dependencies = (
			);
			name = engineer.ai.assignment;
			productName = engineer.ai.assignment;
			productReference = 3ED8742B2316944D009794A8 /* engineer.ai.assignment.app */;
			productType = "com.apple.product-type.application";
		};
/* End PBXNativeTarget section */

/* Begin PBXProject section */
		3ED874232316944D009794A8 /* Project object */ = {
			isa = PBXProject;
			attributes = {
				LastSwiftUpdateCheck = 1030;
				LastUpgradeCheck = 1030;
				ORGANIZATIONNAME = CHISW;
				TargetAttributes = {
					3ED8742A2316944D009794A8 = {
						CreatedOnToolsVersion = 10.3;
					};
				};
			};
			buildConfigurationList = 3ED874262316944D009794A8 /* Build configuration list for PBXProject "engineer.ai.assignment" */;
			compatibilityVersion = "Xcode 9.3";
			developmentRegion = en;
			hasScannedForEncodings = 0;
			knownRegions = (
				en,
				Base,
			);
			mainGroup = 3ED874222316944D009794A8;
			productRefGroup = 3ED8742C2316944D009794A8 /* Products */;
			projectDirPath = "";
			projectRoot = "";
			targets = (
				3ED8742A2316944D009794A8 /* engineer.ai.assignment */,
			);
		};
/* End PBXProject section */

/* Begin PBXResourcesBuildPhase section */
		3ED874292316944D009794A8 /* Resources */ = {
			isa = PBXResourcesBuildPhase;
			buildActionMask = 2147483647;
			files = (
				3ED8753A23194C17009794A8 /* PostsList.storyboard in Resources */,
				3ED874392316944E009794A8 /* LaunchScreen.storyboard in Resources */,
				3ED8753823194AF9009794A8 /* PostTableViewCell.xib in Resources */,
				3ED8745D23169958009794A8 /* Localizable.strings in Resources */,
				3ED874362316944E009794A8 /* Assets.xcassets in Resources */,
			);
			runOnlyForDeploymentPostprocessing = 0;
		};
/* End PBXResourcesBuildPhase section */

/* Begin PBXShellScriptBuildPhase section */
		3ED87496231907D6009794A8 /* R.swift script */ = {
			isa = PBXShellScriptBuildPhase;
			buildActionMask = 2147483647;
			files = (
			);
			inputFileListPaths = (
			);
			inputPaths = (
				"$TEMP_DIR/rswift-lastrun",
			);
			name = "R.swift script";
			outputFileListPaths = (
			);
			outputPaths = (
				$SRCROOT/R.generated.swift,
			);
			runOnlyForDeploymentPostprocessing = 0;
			shellPath = /bin/sh;
			shellScript = "\"$PODS_ROOT/R.swift/rswift\" generate \"$SRCROOT/R.generated.swift\"\n";
		};
		409CAC2C78D3E8C4EA0B8F46 /* [CP] Check Pods Manifest.lock */ = {
			isa = PBXShellScriptBuildPhase;
			buildActionMask = 2147483647;
			files = (
			);
			inputFileListPaths = (
			);
			inputPaths = (
				"${PODS_PODFILE_DIR_PATH}/Podfile.lock",
				"${PODS_ROOT}/Manifest.lock",
			);
			name = "[CP] Check Pods Manifest.lock";
			outputFileListPaths = (
			);
			outputPaths = (
				"$(DERIVED_FILE_DIR)/Pods-engineer.ai.assignment-checkManifestLockResult.txt",
			);
			runOnlyForDeploymentPostprocessing = 0;
			shellPath = /bin/sh;
			shellScript = "diff \"${PODS_PODFILE_DIR_PATH}/Podfile.lock\" \"${PODS_ROOT}/Manifest.lock\" > /dev/null\nif [ $? != 0 ] ; then\n    # print error to STDERR\n    echo \"error: The sandbox is not in sync with the Podfile.lock. Run 'pod install' or update your CocoaPods installation.\" >&2\n    exit 1\nfi\n# This output is used by Xcode 'outputs' to avoid re-running this script phase.\necho \"SUCCESS\" > \"${SCRIPT_OUTPUT_FILE_0}\"\n";
			showEnvVarsInLog = 0;
		};
		FA56740737E1FFFF4260FEBD /* [CP] Embed Pods Frameworks */ = {
			isa = PBXShellScriptBuildPhase;
			buildActionMask = 2147483647;
			files = (
			);
			inputFileListPaths = (
				"${PODS_ROOT}/Target Support Files/Pods-engineer.ai.assignment/Pods-engineer.ai.assignment-frameworks-${CONFIGURATION}-input-files.xcfilelist",
			);
			name = "[CP] Embed Pods Frameworks";
			outputFileListPaths = (
				"${PODS_ROOT}/Target Support Files/Pods-engineer.ai.assignment/Pods-engineer.ai.assignment-frameworks-${CONFIGURATION}-output-files.xcfilelist",
			);
			runOnlyForDeploymentPostprocessing = 0;
			shellPath = /bin/sh;
			shellScript = "\"${PODS_ROOT}/Target Support Files/Pods-engineer.ai.assignment/Pods-engineer.ai.assignment-frameworks.sh\"\n";
			showEnvVarsInLog = 0;
		};
/* End PBXShellScriptBuildPhase section */

/* Begin PBXSourcesBuildPhase section */
		3ED874272316944D009794A8 /* Sources */ = {
			isa = PBXSourcesBuildPhase;
			buildActionMask = 2147483647;
			files = (
				3ED8746223169AAB009794A8 /* String+Extensions.swift in Sources */,
				3ED87457231697D9009794A8 /* NetworkError.swift in Sources */,
				3ED8752C231943CD009794A8 /* PostsListViewController.swift in Sources */,
				3ED8752B231943CD009794A8 /* PostsListPresenter.swift in Sources */,
				3ED87459231697D9009794A8 /* NetworkManager.swift in Sources */,
				3ED874832316B566009794A8 /* MainFlowCoordinator.swift in Sources */,
				3ED8753223194457009794A8 /* PostsResponseModel.swift in Sources */,
				3ED8746623169CCF009794A8 /* PostsRequest.swift in Sources */,
				3ED8742F2316944D009794A8 /* AppDelegate.swift in Sources */,
				3ED87450231695DA009794A8 /* Routing.swift in Sources */,
				3ED8747D2316B144009794A8 /* NibLoadable.swift in Sources */,
				3ED87456231697D9009794A8 /* BaseRequest.swift in Sources */,
				3ED8752E231943CD009794A8 /* PostsListInteractor.swift in Sources */,
				3ED8749A2319089D009794A8 /* R.generated.swift in Sources */,
				3ED8752F231943CD009794A8 /* PostsListWireframe.swift in Sources */,
				3ED8753723194AF9009794A8 /* PostTableViewCell.swift in Sources */,
				3ED87458231697D9009794A8 /* HTTPMethod.swift in Sources */,
				3ED8744D23169531009794A8 /* AppRouter.swift in Sources */,
				3ED8744B2316951A009794A8 /* AppCoordinator.swift in Sources */,
				3ED874812316B4B2009794A8 /* AlertShowable.swift in Sources */,
				3ED87445231694AB009794A8 /* Typealiases.swift in Sources */,
				3ED874852316B57D009794A8 /* MainRouter.swift in Sources */,
				3ED8752D231943CD009794A8 /* PostsListProtocols.swift in Sources */,
			);
			runOnlyForDeploymentPostprocessing = 0;
		};
/* End PBXSourcesBuildPhase section */

/* Begin PBXVariantGroup section */
		3ED874372316944E009794A8 /* LaunchScreen.storyboard */ = {
			isa = PBXVariantGroup;
			children = (
				3ED874382316944E009794A8 /* Base */,
			);
			name = LaunchScreen.storyboard;
			sourceTree = "<group>";
		};
		3ED8745F23169958009794A8 /* Localizable.strings */ = {
			isa = PBXVariantGroup;
			children = (
				3ED8745E23169958009794A8 /* en */,
			);
			name = Localizable.strings;
			sourceTree = "<group>";
		};
/* End PBXVariantGroup section */

/* Begin XCBuildConfiguration section */
		3ED8743B2316944E009794A8 /* Debug */ = {
			isa = XCBuildConfiguration;
			buildSettings = {
				ALWAYS_SEARCH_USER_PATHS = NO;
				CLANG_ANALYZER_NONNULL = YES;
				CLANG_ANALYZER_NUMBER_OBJECT_CONVERSION = YES_AGGRESSIVE;
				CLANG_CXX_LANGUAGE_STANDARD = "gnu++14";
				CLANG_CXX_LIBRARY = "libc++";
				CLANG_ENABLE_MODULES = YES;
				CLANG_ENABLE_OBJC_ARC = YES;
				CLANG_ENABLE_OBJC_WEAK = YES;
				CLANG_WARN_BLOCK_CAPTURE_AUTORELEASING = YES;
				CLANG_WARN_BOOL_CONVERSION = YES;
				CLANG_WARN_COMMA = YES;
				CLANG_WARN_CONSTANT_CONVERSION = YES;
				CLANG_WARN_DEPRECATED_OBJC_IMPLEMENTATIONS = YES;
				CLANG_WARN_DIRECT_OBJC_ISA_USAGE = YES_ERROR;
				CLANG_WARN_DOCUMENTATION_COMMENTS = YES;
				CLANG_WARN_EMPTY_BODY = YES;
				CLANG_WARN_ENUM_CONVERSION = YES;
				CLANG_WARN_INFINITE_RECURSION = YES;
				CLANG_WARN_INT_CONVERSION = YES;
				CLANG_WARN_NON_LITERAL_NULL_CONVERSION = YES;
				CLANG_WARN_OBJC_IMPLICIT_RETAIN_SELF = YES;
				CLANG_WARN_OBJC_LITERAL_CONVERSION = YES;
				CLANG_WARN_OBJC_ROOT_CLASS = YES_ERROR;
				CLANG_WARN_RANGE_LOOP_ANALYSIS = YES;
				CLANG_WARN_STRICT_PROTOTYPES = YES;
				CLANG_WARN_SUSPICIOUS_MOVE = YES;
				CLANG_WARN_UNGUARDED_AVAILABILITY = YES_AGGRESSIVE;
				CLANG_WARN_UNREACHABLE_CODE = YES;
				CLANG_WARN__DUPLICATE_METHOD_MATCH = YES;
				CODE_SIGN_IDENTITY = "iPhone Developer";
				COPY_PHASE_STRIP = NO;
				DEBUG_INFORMATION_FORMAT = dwarf;
				ENABLE_STRICT_OBJC_MSGSEND = YES;
				ENABLE_TESTABILITY = YES;
				GCC_C_LANGUAGE_STANDARD = gnu11;
				GCC_DYNAMIC_NO_PIC = NO;
				GCC_NO_COMMON_BLOCKS = YES;
				GCC_OPTIMIZATION_LEVEL = 0;
				GCC_PREPROCESSOR_DEFINITIONS = (
					"DEBUG=1",
					"$(inherited)",
				);
				GCC_WARN_64_TO_32_BIT_CONVERSION = YES;
				GCC_WARN_ABOUT_RETURN_TYPE = YES_ERROR;
				GCC_WARN_UNDECLARED_SELECTOR = YES;
				GCC_WARN_UNINITIALIZED_AUTOS = YES_AGGRESSIVE;
				GCC_WARN_UNUSED_FUNCTION = YES;
				GCC_WARN_UNUSED_VARIABLE = YES;
				IPHONEOS_DEPLOYMENT_TARGET = 12.4;
				MTL_ENABLE_DEBUG_INFO = INCLUDE_SOURCE;
				MTL_FAST_MATH = YES;
				ONLY_ACTIVE_ARCH = YES;
				SDKROOT = iphoneos;
				SWIFT_ACTIVE_COMPILATION_CONDITIONS = DEBUG;
				SWIFT_OPTIMIZATION_LEVEL = "-Onone";
			};
			name = Debug;
		};
		3ED8743C2316944E009794A8 /* Release */ = {
			isa = XCBuildConfiguration;
			buildSettings = {
				ALWAYS_SEARCH_USER_PATHS = NO;
				CLANG_ANALYZER_NONNULL = YES;
				CLANG_ANALYZER_NUMBER_OBJECT_CONVERSION = YES_AGGRESSIVE;
				CLANG_CXX_LANGUAGE_STANDARD = "gnu++14";
				CLANG_CXX_LIBRARY = "libc++";
				CLANG_ENABLE_MODULES = YES;
				CLANG_ENABLE_OBJC_ARC = YES;
				CLANG_ENABLE_OBJC_WEAK = YES;
				CLANG_WARN_BLOCK_CAPTURE_AUTORELEASING = YES;
				CLANG_WARN_BOOL_CONVERSION = YES;
				CLANG_WARN_COMMA = YES;
				CLANG_WARN_CONSTANT_CONVERSION = YES;
				CLANG_WARN_DEPRECATED_OBJC_IMPLEMENTATIONS = YES;
				CLANG_WARN_DIRECT_OBJC_ISA_USAGE = YES_ERROR;
				CLANG_WARN_DOCUMENTATION_COMMENTS = YES;
				CLANG_WARN_EMPTY_BODY = YES;
				CLANG_WARN_ENUM_CONVERSION = YES;
				CLANG_WARN_INFINITE_RECURSION = YES;
				CLANG_WARN_INT_CONVERSION = YES;
				CLANG_WARN_NON_LITERAL_NULL_CONVERSION = YES;
				CLANG_WARN_OBJC_IMPLICIT_RETAIN_SELF = YES;
				CLANG_WARN_OBJC_LITERAL_CONVERSION = YES;
				CLANG_WARN_OBJC_ROOT_CLASS = YES_ERROR;
				CLANG_WARN_RANGE_LOOP_ANALYSIS = YES;
				CLANG_WARN_STRICT_PROTOTYPES = YES;
				CLANG_WARN_SUSPICIOUS_MOVE = YES;
				CLANG_WARN_UNGUARDED_AVAILABILITY = YES_AGGRESSIVE;
				CLANG_WARN_UNREACHABLE_CODE = YES;
				CLANG_WARN__DUPLICATE_METHOD_MATCH = YES;
				CODE_SIGN_IDENTITY = "iPhone Developer";
				COPY_PHASE_STRIP = NO;
				DEBUG_INFORMATION_FORMAT = "dwarf-with-dsym";
				ENABLE_NS_ASSERTIONS = NO;
				ENABLE_STRICT_OBJC_MSGSEND = YES;
				GCC_C_LANGUAGE_STANDARD = gnu11;
				GCC_NO_COMMON_BLOCKS = YES;
				GCC_WARN_64_TO_32_BIT_CONVERSION = YES;
				GCC_WARN_ABOUT_RETURN_TYPE = YES_ERROR;
				GCC_WARN_UNDECLARED_SELECTOR = YES;
				GCC_WARN_UNINITIALIZED_AUTOS = YES_AGGRESSIVE;
				GCC_WARN_UNUSED_FUNCTION = YES;
				GCC_WARN_UNUSED_VARIABLE = YES;
				IPHONEOS_DEPLOYMENT_TARGET = 12.4;
				MTL_ENABLE_DEBUG_INFO = NO;
				MTL_FAST_MATH = YES;
				SDKROOT = iphoneos;
				SWIFT_COMPILATION_MODE = wholemodule;
				SWIFT_OPTIMIZATION_LEVEL = "-O";
				VALIDATE_PRODUCT = YES;
			};
			name = Release;
		};
		3ED8743E2316944E009794A8 /* Debug */ = {
			isa = XCBuildConfiguration;
			baseConfigurationReference = CE266E5702D53A598F3BFFD4 /* Pods-engineer.ai.assignment.debug.xcconfig */;
			buildSettings = {
				ASSETCATALOG_COMPILER_APPICON_NAME = AppIcon;
				CODE_SIGN_STYLE = Automatic;
				DEVELOPMENT_TEAM = L3QAWRZFYR;
				INFOPLIST_FILE = engineer.ai.assignment/SupportingFiles/Info.plist;
				IPHONEOS_DEPLOYMENT_TARGET = 8.0;
				LD_RUNPATH_SEARCH_PATHS = (
					"$(inherited)",
					"@executable_path/Frameworks",
				);
				PRODUCT_BUNDLE_IDENTIFIER = "chisw.engineer-ai-assignment";
				PRODUCT_NAME = "$(TARGET_NAME)";
				SWIFT_VERSION = 5.0;
				TARGETED_DEVICE_FAMILY = "1,2";
			};
			name = Debug;
		};
		3ED8743F2316944E009794A8 /* Release */ = {
			isa = XCBuildConfiguration;
			baseConfigurationReference = AEE7312BEE464C83188E2ED5 /* Pods-engineer.ai.assignment.release.xcconfig */;
			buildSettings = {
				ASSETCATALOG_COMPILER_APPICON_NAME = AppIcon;
				CODE_SIGN_STYLE = Automatic;
				DEVELOPMENT_TEAM = L3QAWRZFYR;
				INFOPLIST_FILE = engineer.ai.assignment/SupportingFiles/Info.plist;
				IPHONEOS_DEPLOYMENT_TARGET = 8.0;
				LD_RUNPATH_SEARCH_PATHS = (
					"$(inherited)",
					"@executable_path/Frameworks",
				);
				PRODUCT_BUNDLE_IDENTIFIER = "chisw.engineer-ai-assignment";
				PRODUCT_NAME = "$(TARGET_NAME)";
				SWIFT_VERSION = 5.0;
				TARGETED_DEVICE_FAMILY = "1,2";
			};
			name = Release;
		};
/* End XCBuildConfiguration section */

/* Begin XCConfigurationList section */
		3ED874262316944D009794A8 /* Build configuration list for PBXProject "engineer.ai.assignment" */ = {
			isa = XCConfigurationList;
			buildConfigurations = (
				3ED8743B2316944E009794A8 /* Debug */,
				3ED8743C2316944E009794A8 /* Release */,
			);
			defaultConfigurationIsVisible = 0;
			defaultConfigurationName = Release;
		};
		3ED8743D2316944E009794A8 /* Build configuration list for PBXNativeTarget "engineer.ai.assignment" */ = {
			isa = XCConfigurationList;
			buildConfigurations = (
				3ED8743E2316944E009794A8 /* Debug */,
				3ED8743F2316944E009794A8 /* Release */,
			);
			defaultConfigurationIsVisible = 0;
			defaultConfigurationName = Release;
		};
/* End XCConfigurationList section */
	};
	rootObject = 3ED874232316944D009794A8 /* Project object */;
}
